{
  "name": "datagrid",
  "version": "1.0.0",
  "lockfileVersion": 3,
  "requires": true,
  "packages": {
    "": {
      "name": "datagrid",
      "version": "1.0.0",
      "license": "ISC",
      "dependencies": {
        "datatables.net-editor": "^2.3.1"
      }
    },
    "node_modules/adm-zip": {
      "version": "0.5.12",
      "resolved": "https://registry.npmjs.org/adm-zip/-/adm-zip-0.5.12.tgz",
      "integrity": "sha512-6TVU49mK6KZb4qG6xWaaM4C7sA/sgUMLy/JYMOzkcp3BvVLpW0fXDFQiIzAuxFCt/2+xD7fNIiPFAoLZPhVNLQ==",
      "engines": {
        "node": ">=6.0"
      }
    },
    "node_modules/datatables.net": {
      "version": "2.0.2",
      "resolved": "https://registry.npmjs.org/datatables.net/-/datatables.net-2.0.2.tgz",
      "integrity": "sha512-uQM+s1oXhpTajUw5DCxarpfAtQJMh0MKFCLZMCc+UWLWPg8ipe6L2zgDMbRC8n9UCwGVpHOwUYlQu2JU1/PhSg==",
      "dependencies": {
        "jquery": ">=1.7"
      }
    },
    "node_modules/datatables.net-editor": {
      "version": "2.3.1",
      "resolved": "https://registry.npmjs.org/datatables.net-editor/-/datatables.net-editor-2.3.1.tgz",
      "integrity": "sha512-HVRGCGgkEr14U/Q7+wm78ewX34jkfX9jdDhnmtRdf+2QBjg4PswGc6zDoQO82oi+CZMIIj755ahF+oE3bi5gJA==",
      "hasInstallScript": true,
      "dependencies": {
        "adm-zip": "^0.5.0",
        "datatables.net": "1.13 - 2",
        "jquery": "1.8 - 3"
      }
    },
    "node_modules/jquery": {
      "version": "3.7.1",
      "resolved": "https://registry.npmjs.org/jquery/-/jquery-3.7.1.tgz",
      "integrity": "sha512-m4avr8yL8kmFN8psrbFFFmB/If14iN5o9nw/NgnnM+kybDJpRsAynV2BsfpTYrTRysYUdADVD7CkUUizgkpLfg=="
    }
  }
}
